
Microsoft Visual Studio Solution File, Format Version 12.00
# Visual Studio 15
VisualStudioVersion = 15.0.27130.2024
MinimumVisualStudioVersion = 10.0.40219.1
Project("{8BC9CEB8-8B4A-11D0-8D11-00A0C91BC942}") = "mesh-get", "fbx-get\fbx-get.vcxproj", "{0613A50A-CA7A-41B8-B3DF-823C9FE0CF5A}"
EndProject
Project("{8BC9CEB8-8B4A-11D0-8D11-00A0C91BC942}") = "mesh-get-test", "mesh-get-test\mesh-get-test.vcxproj", "{256785FC-4DEF-468C-A1BB-0093A2DAAD7E}"
EndProject
Global
	GlobalSection(SolutionConfigurationPlatforms) = preSolution
		Debug|x64 = Debug|x64
		Debug|x86 = Debug|x86
		Release|x64 = Release|x64
		Release|x86 = Release|x86
	EndGlobalSection
	GlobalSection(ProjectConfigurationPlatforms) = postSolution
		{0613A50A-CA7A-41B8-B3DF-823C9FE0CF5A}.Debug|x64.ActiveCfg = Debug|x64
		{0613A50A-CA7A-41B8-B3DF-823C9FE0CF5A}.Debug|x64.Build.0 = Debug|x64
		{0613A50A-CA7A-41B8-B3DF-823C9FE0CF5A}.Debug|x86.ActiveCfg = Debug|Win32
		{0613A50A-CA7A-41B8-B3DF-823C9FE0CF5A}.Debug|x86.Build.0 = Debug|Win32
		{0613A50A-CA7A-41B8-B3DF-823C9FE0CF5A}.Release|x64.ActiveCfg = Release|x64
		{0613A50A-CA7A-41B8-B3DF-823C9FE0CF5A}.Release|x64.Build.0 = Release|x64
		{0613A50A-CA7A-41B8-B3DF-823C9FE0CF5A}.Release|x86.ActiveCfg = Release|Win32
		{0613A50A-CA7A-41B8-B3DF-823C9FE0CF5A}.Release|x86.Build.0 = Release|Win32
		{256785FC-4DEF-468C-A1BB-0093A2DAAD7E}.Debug|x64.ActiveCfg = Debug|x64
		{256785FC-4DEF-468C-A1BB-0093A2DAAD7E}.Debug|x64.Build.0 = Debug|x64
		{256785FC-4DEF-468C-A1BB-0093A2DAAD7E}.Debug|x86.ActiveCfg = Debug|Win32
		{256785FC-4DEF-468C-A1BB-0093A2DAAD7E}.Debug|x86.Build.0 = Debug|Win32
		{256785FC-4DEF-468C-A1BB-0093A2DAAD7E}.Release|x64.ActiveCfg = Release|x64
		{256785FC-4DEF-468C-A1BB-0093A2DAAD7E}.Release|x64.Build.0 = Release|x64
		{256785FC-4DEF-468C-A1BB-0093A2DAAD7E}.Release|x86.ActiveCfg = Release|Win32
		{256785FC-4DEF-468C-A1BB-0093A2DAAD7E}.Release|x86.Build.0 = Release|Win32
	EndGlobalSection
	GlobalSection(SolutionProperties) = preSolution
		HideSolutionNode = FALSE
	EndGlobalSection
	GlobalSection(ExtensibilityGlobals) = postSolution
		SolutionGuid = {6C898078-4F95-4461-949E-467472BA4033}
	EndGlobalSection
EndGlobal
